
Microsoft Visual Studio Solution File, Format Version 12.00
# Visual Studio Version 16
VisualStudioVersion = 16.0.33214.272
MinimumVisualStudioVersion = 10.0.40219.1
Project("{FAE04EC0-301F-11D3-BF4B-00C04F79EFBC}") = "ubrania", "ubrania\ubrania.csproj", "{FE7BC96F-22B8-40EC-BF7C-ABA8090DF433}"
EndProject
Global
	GlobalSection(SolutionConfigurationPlatforms) = preSolution
		Debug|Any CPU = Debug|Any CPU
		Release|Any CPU = Release|Any CPU
	EndGlobalSection
	GlobalSection(ProjectConfigurationPlatforms) = postSolution
		{FE7BC96F-22B8-40EC-BF7C-ABA8090DF433}.Debug|Any CPU.ActiveCfg = Debug|Any CPU
		{FE7BC96F-22B8-40EC-BF7C-ABA8090DF433}.Debug|Any CPU.Build.0 = Debug|Any CPU
		{FE7BC96F-22B8-40EC-BF7C-ABA8090DF433}.Release|Any CPU.ActiveCfg = Release|Any CPU
		{FE7BC96F-22B8-40EC-BF7C-ABA8090DF433}.Release|Any CPU.Build.0 = Release|Any CPU
	EndGlobalSection
	GlobalSection(SolutionProperties) = preSolution
		HideSolutionNode = FALSE
	EndGlobalSection
	GlobalSection(ExtensibilityGlobals) = postSolution
		SolutionGuid = {EC9924A6-67F9-4CCB-BA34-0F342D009608}
	EndGlobalSection
EndGlobal
